{
  "name": "user",
  "version": "1.0.0",
  "lockfileVersion": 2,
  "requires": true,
  "packages": {
    "": {
      "name": "user",
      "version": "1.0.0",
      "license": "ISC",
      "dependencies": {
        "types-for-adobe": "^7.0.0",
        "typescript": "^4.6.3"
      }
    },
    "node_modules/types-for-adobe": {
      "version": "7.0.0",
      "resolved": "https://registry.npmjs.org/types-for-adobe/-/types-for-adobe-7.0.0.tgz",
      "integrity": "sha512-1QHqplLvmoPj7ZNx01KhwS4WR3590xHu1EDJ49PE4MWHAx7NHM61Hx1R300d832WnWqr9qWpLkKChSqMZ1XdtQ=="
    },
    "node_modules/typescript": {
      "version": "4.6.3",
      "resolved": "https://registry.npmjs.org/typescript/-/typescript-4.6.3.tgz",
      "integrity": "sha512-yNIatDa5iaofVozS/uQJEl3JRWLKKGJKh6Yaiv0GLGSuhpFJe7P3SbHZ8/yjAHRQwKRoA6YZqlfjXWmVzoVSMw==",
      "bin": {
        "tsc": "bin/tsc",
        "tsserver": "bin/tsserver"
      },
      "engines": {
        "node": ">=4.2.0"
      }
    }
  },
  "dependencies": {
    "types-for-adobe": {
      "version": "7.0.0",
      "resolved": "https://registry.npmjs.org/types-for-adobe/-/types-for-adobe-7.0.0.tgz",
      "integrity": "sha512-1QHqplLvmoPj7ZNx01KhwS4WR3590xHu1EDJ49PE4MWHAx7NHM61Hx1R300d832WnWqr9qWpLkKChSqMZ1XdtQ=="
    },
    "typescript": {
      "version": "4.6.3",
      "resolved": "https://registry.npmjs.org/typescript/-/typescript-4.6.3.tgz",
      "integrity": "sha512-yNIatDa5iaofVozS/uQJEl3JRWLKKGJKh6Yaiv0GLGSuhpFJe7P3SbHZ8/yjAHRQwKRoA6YZqlfjXWmVzoVSMw=="
    }
  }
}
